{
  "name": "godot-addons",
  "lockfileVersion": 3,
  "requires": true,
  "packages": {
    "": {
      "dependencies": {
        "ini": "^4.1.0"
      },
      "devDependencies": {
        "@types/ini": "^1.3.31",
        "@types/node": "^20.1.3"
      }
    },
    "node_modules/@types/ini": {
      "version": "1.3.31",
      "resolved": "https://registry.npmjs.org/@types/ini/-/ini-1.3.31.tgz",
      "integrity": "sha512-8ecxxaG4AlVEM1k9+BsziMw8UsX0qy3jYI1ad/71RrDZ+rdL6aZB0wLfAuflQiDhkD5o4yJ0uPK3OSUic3fG0w==",
      "dev": true
    },
    "node_modules/@types/node": {
      "version": "20.1.3",
      "resolved": "https://registry.npmjs.org/@types/node/-/node-20.1.3.tgz",
      "integrity": "sha512-NP2yfZpgmf2eDRPmgGq+fjGjSwFgYbihA8/gK+ey23qT9RkxsgNTZvGOEpXgzIGqesTYkElELLgtKoMQTys5vA==",
      "dev": true
    },
    "node_modules/ini": {
      "version": "4.1.0",
      "resolved": "https://registry.npmjs.org/ini/-/ini-4.1.0.tgz",
      "integrity": "sha512-HLR38RSF2iulAzc3I/sma4CoYxQP844rPYCNfzGDOHqa/YqVlwuuZgBx6M50/X8dKgzk0cm1qRg3+47mK2N+cQ==",
      "engines": {
        "node": "^14.17.0 || ^16.13.0 || >=18.0.0"
      }
    }
  }
}
